
Microsoft Visual Studio Solution File, Format Version 12.00
# Visual Studio Version 17
VisualStudioVersion = 17.5.002.0
MinimumVisualStudioVersion = 10.0.40219.1
Project("{9A19103F-16F7-4668-BE54-9A1E7A4F7556}") = "MiniProj", "MiniProj\MiniProj.csproj", "{A7B87D49-F490-47B4-B606-1A15DD0DA198}"
EndProject
Global
	GlobalSection(SolutionConfigurationPlatforms) = preSolution
		Debug|Any CPU = Debug|Any CPU
		Release|Any CPU = Release|Any CPU
	EndGlobalSection
	GlobalSection(ProjectConfigurationPlatforms) = postSolution
		{A7B87D49-F490-47B4-B606-1A15DD0DA198}.Debug|Any CPU.ActiveCfg = Debug|Any CPU
		{A7B87D49-F490-47B4-B606-1A15DD0DA198}.Debug|Any CPU.Build.0 = Debug|Any CPU
		{A7B87D49-F490-47B4-B606-1A15DD0DA198}.Release|Any CPU.ActiveCfg = Release|Any CPU
		{A7B87D49-F490-47B4-B606-1A15DD0DA198}.Release|Any CPU.Build.0 = Release|Any CPU
	EndGlobalSection
	GlobalSection(SolutionProperties) = preSolution
		HideSolutionNode = FALSE
	EndGlobalSection
	GlobalSection(ExtensibilityGlobals) = postSolution
		SolutionGuid = {2F07979D-18EC-4542-BDF5-FB7F0EA9D929}
	EndGlobalSection
EndGlobal
